
Microsoft Visual Studio Solution File, Format Version 12.00
# Visual Studio Version 17
VisualStudioVersion = 17.1.32319.34
MinimumVisualStudioVersion = 10.0.40219.1
Project("{8BC9CEB8-8B4A-11D0-8D11-00A0C91BC942}") = "OGLengine", "OGLengine\OGLengine.vcxproj", "{AB893D4A-835F-4C8A-806A-D9FCB8610599}"
EndProject
Global
	GlobalSection(SolutionConfigurationPlatforms) = preSolution
		Debug|x64 = Debug|x64
		Debug|x86 = Debug|x86
		Release|x64 = Release|x64
		Release|x86 = Release|x86
	EndGlobalSection
	GlobalSection(ProjectConfigurationPlatforms) = postSolution
		{AB893D4A-835F-4C8A-806A-D9FCB8610599}.Debug|x64.ActiveCfg = Debug|x64
		{AB893D4A-835F-4C8A-806A-D9FCB8610599}.Debug|x64.Build.0 = Debug|x64
		{AB893D4A-835F-4C8A-806A-D9FCB8610599}.Debug|x86.ActiveCfg = Debug|Win32
		{AB893D4A-835F-4C8A-806A-D9FCB8610599}.Debug|x86.Build.0 = Debug|Win32
		{AB893D4A-835F-4C8A-806A-D9FCB8610599}.Release|x64.ActiveCfg = Release|x64
		{AB893D4A-835F-4C8A-806A-D9FCB8610599}.Release|x64.Build.0 = Release|x64
		{AB893D4A-835F-4C8A-806A-D9FCB8610599}.Release|x86.ActiveCfg = Release|Win32
		{AB893D4A-835F-4C8A-806A-D9FCB8610599}.Release|x86.Build.0 = Release|Win32
	EndGlobalSection
	GlobalSection(SolutionProperties) = preSolution
		HideSolutionNode = FALSE
	EndGlobalSection
	GlobalSection(ExtensibilityGlobals) = postSolution
		SolutionGuid = {19C5668A-6A13-4F12-A5AA-15D45567FB59}
	EndGlobalSection
EndGlobal
